
Microsoft Visual Studio Solution File, Format Version 12.00
# Visual Studio 15
VisualStudioVersion = 15.0.27130.2036
MinimumVisualStudioVersion = 10.0.40219.1
Project("{FAE04EC0-301F-11D3-BF4B-00C04F79EFBC}") = "TextSummarize", "TextSummarize\TextSummarize.csproj", "{C854409F-6EAF-44C2-9713-6140E0937693}"
EndProject
Global
	GlobalSection(SolutionConfigurationPlatforms) = preSolution
		Debug|Any CPU = Debug|Any CPU
		Release|Any CPU = Release|Any CPU
	EndGlobalSection
	GlobalSection(ProjectConfigurationPlatforms) = postSolution
		{C854409F-6EAF-44C2-9713-6140E0937693}.Debug|Any CPU.ActiveCfg = Debug|Any CPU
		{C854409F-6EAF-44C2-9713-6140E0937693}.Debug|Any CPU.Build.0 = Debug|Any CPU
		{C854409F-6EAF-44C2-9713-6140E0937693}.Release|Any CPU.ActiveCfg = Release|Any CPU
		{C854409F-6EAF-44C2-9713-6140E0937693}.Release|Any CPU.Build.0 = Release|Any CPU
	EndGlobalSection
	GlobalSection(SolutionProperties) = preSolution
		HideSolutionNode = FALSE
	EndGlobalSection
	GlobalSection(ExtensibilityGlobals) = postSolution
		SolutionGuid = {9F7EBEEC-FDB3-41FF-B301-47C51299564A}
	EndGlobalSection
EndGlobal
